
Microsoft Visual Studio Solution File, Format Version 12.00
# Visual Studio 14
VisualStudioVersion = 14.0.24720.0
MinimumVisualStudioVersion = 10.0.40219.1
Project("{FAE04EC0-301F-11D3-BF4B-00C04F79EFBC}") = "Esimerkki", "Esimerkki\Esimerkki.csproj", "{F841336C-248A-4EAF-9EBC-9C7D515263B7}"
EndProject
Project("{FAE04EC0-301F-11D3-BF4B-00C04F79EFBC}") = "EsimerkkiTests", "EsimerkkiTests\EsimerkkiTests.csproj", "{1DA0908F-EFE1-403A-968F-5B001EEFB63B}"
EndProject
Project("{FAE04EC0-301F-11D3-BF4B-00C04F79EFBC}") = "Tehtävä1", "Tehtävä1\Tehtävä1.csproj", "{FC318275-1E13-49D9-A854-86437660C006}"
EndProject
Global
	GlobalSection(SolutionConfigurationPlatforms) = preSolution
		Debug|Any CPU = Debug|Any CPU
		Release|Any CPU = Release|Any CPU
	EndGlobalSection
	GlobalSection(ProjectConfigurationPlatforms) = postSolution
		{F841336C-248A-4EAF-9EBC-9C7D515263B7}.Debug|Any CPU.ActiveCfg = Debug|Any CPU
		{F841336C-248A-4EAF-9EBC-9C7D515263B7}.Debug|Any CPU.Build.0 = Debug|Any CPU
		{F841336C-248A-4EAF-9EBC-9C7D515263B7}.Release|Any CPU.ActiveCfg = Release|Any CPU
		{F841336C-248A-4EAF-9EBC-9C7D515263B7}.Release|Any CPU.Build.0 = Release|Any CPU
		{1DA0908F-EFE1-403A-968F-5B001EEFB63B}.Debug|Any CPU.ActiveCfg = Debug|Any CPU
		{1DA0908F-EFE1-403A-968F-5B001EEFB63B}.Debug|Any CPU.Build.0 = Debug|Any CPU
		{1DA0908F-EFE1-403A-968F-5B001EEFB63B}.Release|Any CPU.ActiveCfg = Release|Any CPU
		{1DA0908F-EFE1-403A-968F-5B001EEFB63B}.Release|Any CPU.Build.0 = Release|Any CPU
		{FC318275-1E13-49D9-A854-86437660C006}.Debug|Any CPU.ActiveCfg = Debug|Any CPU
		{FC318275-1E13-49D9-A854-86437660C006}.Debug|Any CPU.Build.0 = Debug|Any CPU
		{FC318275-1E13-49D9-A854-86437660C006}.Release|Any CPU.ActiveCfg = Release|Any CPU
		{FC318275-1E13-49D9-A854-86437660C006}.Release|Any CPU.Build.0 = Release|Any CPU
	EndGlobalSection
	GlobalSection(SolutionProperties) = preSolution
		HideSolutionNode = FALSE
	EndGlobalSection
EndGlobal
